
Microsoft Visual Studio Solution File, Format Version 12.00
Project("{FAE04EC0-301F-11D3-BF4B-00C04F79EFBC}") = "ConsoleApp2", "ConsoleApp2\ConsoleApp2.csproj", "{9E6B3A8C-C4D9-4734-BC1E-13C0761ADBF9}"
EndProject
Project("{FAE04EC0-301F-11D3-BF4B-00C04F79EFBC}") = "ConsoleApp3", "ConsoleApp3\ConsoleApp3.csproj", "{59864B15-DDEB-44FC-9AFB-9F820627B696}"
EndProject
Project("{FAE04EC0-301F-11D3-BF4B-00C04F79EFBC}") = "ConsoleApp4", "ConsoleApp4\ConsoleApp4.csproj", "{63986728-92F3-4293-8B6E-08B97A945CF2}"
EndProject
Project("{FAE04EC0-301F-11D3-BF4B-00C04F79EFBC}") = "ConsoleApp5", "ConsoleApp5\ConsoleApp5.csproj", "{5C54DDD4-76F9-4FF9-80BF-E88AC2B48B8A}"
EndProject
Project("{FAE04EC0-301F-11D3-BF4B-00C04F79EFBC}") = "Exercise", "Exercise\Exercise.csproj", "{74E92AAB-7754-485A-BB33-05D71F27D83F}"
EndProject
Project("{FAE04EC0-301F-11D3-BF4B-00C04F79EFBC}") = "Exercise2", "Exercise2\Exercise2.csproj", "{C0B3C18E-4925-420B-A58E-28FBED14240A}"
EndProject
Global
	GlobalSection(SolutionConfigurationPlatforms) = preSolution
		Debug|Any CPU = Debug|Any CPU
		Release|Any CPU = Release|Any CPU
	EndGlobalSection
	GlobalSection(ProjectConfigurationPlatforms) = postSolution
		{9E6B3A8C-C4D9-4734-BC1E-13C0761ADBF9}.Debug|Any CPU.ActiveCfg = Debug|Any CPU
		{9E6B3A8C-C4D9-4734-BC1E-13C0761ADBF9}.Debug|Any CPU.Build.0 = Debug|Any CPU
		{9E6B3A8C-C4D9-4734-BC1E-13C0761ADBF9}.Release|Any CPU.ActiveCfg = Release|Any CPU
		{9E6B3A8C-C4D9-4734-BC1E-13C0761ADBF9}.Release|Any CPU.Build.0 = Release|Any CPU
		{59864B15-DDEB-44FC-9AFB-9F820627B696}.Debug|Any CPU.ActiveCfg = Debug|Any CPU
		{59864B15-DDEB-44FC-9AFB-9F820627B696}.Debug|Any CPU.Build.0 = Debug|Any CPU
		{59864B15-DDEB-44FC-9AFB-9F820627B696}.Release|Any CPU.ActiveCfg = Release|Any CPU
		{59864B15-DDEB-44FC-9AFB-9F820627B696}.Release|Any CPU.Build.0 = Release|Any CPU
		{63986728-92F3-4293-8B6E-08B97A945CF2}.Debug|Any CPU.ActiveCfg = Debug|Any CPU
		{63986728-92F3-4293-8B6E-08B97A945CF2}.Debug|Any CPU.Build.0 = Debug|Any CPU
		{63986728-92F3-4293-8B6E-08B97A945CF2}.Release|Any CPU.ActiveCfg = Release|Any CPU
		{63986728-92F3-4293-8B6E-08B97A945CF2}.Release|Any CPU.Build.0 = Release|Any CPU
		{5C54DDD4-76F9-4FF9-80BF-E88AC2B48B8A}.Debug|Any CPU.ActiveCfg = Debug|Any CPU
		{5C54DDD4-76F9-4FF9-80BF-E88AC2B48B8A}.Debug|Any CPU.Build.0 = Debug|Any CPU
		{5C54DDD4-76F9-4FF9-80BF-E88AC2B48B8A}.Release|Any CPU.ActiveCfg = Release|Any CPU
		{5C54DDD4-76F9-4FF9-80BF-E88AC2B48B8A}.Release|Any CPU.Build.0 = Release|Any CPU
		{74E92AAB-7754-485A-BB33-05D71F27D83F}.Debug|Any CPU.ActiveCfg = Debug|Any CPU
		{74E92AAB-7754-485A-BB33-05D71F27D83F}.Debug|Any CPU.Build.0 = Debug|Any CPU
		{74E92AAB-7754-485A-BB33-05D71F27D83F}.Release|Any CPU.ActiveCfg = Release|Any CPU
		{74E92AAB-7754-485A-BB33-05D71F27D83F}.Release|Any CPU.Build.0 = Release|Any CPU
		{C0B3C18E-4925-420B-A58E-28FBED14240A}.Debug|Any CPU.ActiveCfg = Debug|Any CPU
		{C0B3C18E-4925-420B-A58E-28FBED14240A}.Debug|Any CPU.Build.0 = Debug|Any CPU
		{C0B3C18E-4925-420B-A58E-28FBED14240A}.Release|Any CPU.ActiveCfg = Release|Any CPU
		{C0B3C18E-4925-420B-A58E-28FBED14240A}.Release|Any CPU.Build.0 = Release|Any CPU
	EndGlobalSection
EndGlobal
